<?xml version="1.0" encoding="UTF-8"?>
<CodeBlocks_project_file>
	<FileVersion major="1" minor="6"/>
	<Project>
		<Option title="FAV_PC_SP_23_24_BinaryDataInImg"/>
		<Option makefile_is_custom="1"/>
		<Option compiler="gcc"/>
		<Option virtualFolders="CMake Files\;"/>
		<Build>
			<Target title="all">
				<Option working_dir="/mnt/g/Můj disk/0_MAIN/škola/FAV/3.rocnik_23_24/_FAV_ZS_23_24/PC/semestralka/FAV_PC_SP_23_24_BinaryDataInImg"/>
				<Option type="4"/>
				<MakeCommands>
					<Build command="/usr/bin/gmake -f &quot;/mnt/g/Můj\ disk/0_MAIN/škola/FAV/3.rocnik_23_24/_FAV_ZS_23_24/PC/semestralka/FAV_PC_SP_23_24_BinaryDataInImg/Makefile&quot;  VERBOSE=1 all"/>
					<CompileFile command="/usr/bin/gmake -f &quot;/mnt/g/Můj\ disk/0_MAIN/škola/FAV/3.rocnik_23_24/_FAV_ZS_23_24/PC/semestralka/FAV_PC_SP_23_24_BinaryDataInImg/Makefile&quot;  VERBOSE=1 &quot;$file&quot;"/>
					<Clean command="/usr/bin/gmake -f &quot;/mnt/g/Můj\ disk/0_MAIN/škola/FAV/3.rocnik_23_24/_FAV_ZS_23_24/PC/semestralka/FAV_PC_SP_23_24_BinaryDataInImg/Makefile&quot;  VERBOSE=1 clean"/>
					<DistClean command="/usr/bin/gmake -f &quot;/mnt/g/Můj\ disk/0_MAIN/škola/FAV/3.rocnik_23_24/_FAV_ZS_23_24/PC/semestralka/FAV_PC_SP_23_24_BinaryDataInImg/Makefile&quot;  VERBOSE=1 clean"/>
				</MakeCommands>
			</Target>
			<Target title="FAV_PC_SP_23_24_BinaryDataInImg">
				<Option output="/mnt/g/Můj disk/0_MAIN/škola/FAV/3.rocnik_23_24/_FAV_ZS_23_24/PC/semestralka/FAV_PC_SP_23_24_BinaryDataInImg/FAV_PC_SP_23_24_BinaryDataInImg" prefix_auto="0" extension_auto="0"/>
				<Option working_dir="/mnt/g/Můj disk/0_MAIN/škola/FAV/3.rocnik_23_24/_FAV_ZS_23_24/PC/semestralka/FAV_PC_SP_23_24_BinaryDataInImg"/>
				<Option object_output="./"/>
				<Option type="1"/>
				<Option compiler="gcc"/>
				<Compiler/>
				<MakeCommands>
					<Build command="/usr/bin/gmake -f &quot;/mnt/g/Můj\ disk/0_MAIN/škola/FAV/3.rocnik_23_24/_FAV_ZS_23_24/PC/semestralka/FAV_PC_SP_23_24_BinaryDataInImg/Makefile&quot;  VERBOSE=1 FAV_PC_SP_23_24_BinaryDataInImg"/>
					<CompileFile command="/usr/bin/gmake -f &quot;/mnt/g/Můj\ disk/0_MAIN/škola/FAV/3.rocnik_23_24/_FAV_ZS_23_24/PC/semestralka/FAV_PC_SP_23_24_BinaryDataInImg/Makefile&quot;  VERBOSE=1 &quot;$file&quot;"/>
					<Clean command="/usr/bin/gmake -f &quot;/mnt/g/Můj\ disk/0_MAIN/škola/FAV/3.rocnik_23_24/_FAV_ZS_23_24/PC/semestralka/FAV_PC_SP_23_24_BinaryDataInImg/Makefile&quot;  VERBOSE=1 clean"/>
					<DistClean command="/usr/bin/gmake -f &quot;/mnt/g/Můj\ disk/0_MAIN/škola/FAV/3.rocnik_23_24/_FAV_ZS_23_24/PC/semestralka/FAV_PC_SP_23_24_BinaryDataInImg/Makefile&quot;  VERBOSE=1 clean"/>
				</MakeCommands>
			</Target>
			<Target title="FAV_PC_SP_23_24_BinaryDataInImg/fast">
				<Option output="/mnt/g/Můj disk/0_MAIN/škola/FAV/3.rocnik_23_24/_FAV_ZS_23_24/PC/semestralka/FAV_PC_SP_23_24_BinaryDataInImg/FAV_PC_SP_23_24_BinaryDataInImg" prefix_auto="0" extension_auto="0"/>
				<Option working_dir="/mnt/g/Můj disk/0_MAIN/škola/FAV/3.rocnik_23_24/_FAV_ZS_23_24/PC/semestralka/FAV_PC_SP_23_24_BinaryDataInImg"/>
				<Option object_output="./"/>
				<Option type="1"/>
				<Option compiler="gcc"/>
				<Compiler/>
				<MakeCommands>
					<Build command="/usr/bin/gmake -f &quot;/mnt/g/Můj\ disk/0_MAIN/škola/FAV/3.rocnik_23_24/_FAV_ZS_23_24/PC/semestralka/FAV_PC_SP_23_24_BinaryDataInImg/Makefile&quot;  VERBOSE=1 FAV_PC_SP_23_24_BinaryDataInImg/fast"/>
					<CompileFile command="/usr/bin/gmake -f &quot;/mnt/g/Můj\ disk/0_MAIN/škola/FAV/3.rocnik_23_24/_FAV_ZS_23_24/PC/semestralka/FAV_PC_SP_23_24_BinaryDataInImg/Makefile&quot;  VERBOSE=1 &quot;$file&quot;"/>
					<Clean command="/usr/bin/gmake -f &quot;/mnt/g/Můj\ disk/0_MAIN/škola/FAV/3.rocnik_23_24/_FAV_ZS_23_24/PC/semestralka/FAV_PC_SP_23_24_BinaryDataInImg/Makefile&quot;  VERBOSE=1 clean"/>
					<DistClean command="/usr/bin/gmake -f &quot;/mnt/g/Můj\ disk/0_MAIN/škola/FAV/3.rocnik_23_24/_FAV_ZS_23_24/PC/semestralka/FAV_PC_SP_23_24_BinaryDataInImg/Makefile&quot;  VERBOSE=1 clean"/>
				</MakeCommands>
			</Target>
			<Target title="edit_cache">
				<Option working_dir="/mnt/g/Můj disk/0_MAIN/škola/FAV/3.rocnik_23_24/_FAV_ZS_23_24/PC/semestralka/FAV_PC_SP_23_24_BinaryDataInImg"/>
				<Option type="4"/>
				<MakeCommands>
					<Build command="/usr/bin/gmake -f &quot;/mnt/g/Můj\ disk/0_MAIN/škola/FAV/3.rocnik_23_24/_FAV_ZS_23_24/PC/semestralka/FAV_PC_SP_23_24_BinaryDataInImg/Makefile&quot;  VERBOSE=1 edit_cache"/>
					<CompileFile command="/usr/bin/gmake -f &quot;/mnt/g/Můj\ disk/0_MAIN/škola/FAV/3.rocnik_23_24/_FAV_ZS_23_24/PC/semestralka/FAV_PC_SP_23_24_BinaryDataInImg/Makefile&quot;  VERBOSE=1 &quot;$file&quot;"/>
					<Clean command="/usr/bin/gmake -f &quot;/mnt/g/Můj\ disk/0_MAIN/škola/FAV/3.rocnik_23_24/_FAV_ZS_23_24/PC/semestralka/FAV_PC_SP_23_24_BinaryDataInImg/Makefile&quot;  VERBOSE=1 clean"/>
					<DistClean command="/usr/bin/gmake -f &quot;/mnt/g/Můj\ disk/0_MAIN/škola/FAV/3.rocnik_23_24/_FAV_ZS_23_24/PC/semestralka/FAV_PC_SP_23_24_BinaryDataInImg/Makefile&quot;  VERBOSE=1 clean"/>
				</MakeCommands>
			</Target>
			<Target title="rebuild_cache">
				<Option working_dir="/mnt/g/Můj disk/0_MAIN/škola/FAV/3.rocnik_23_24/_FAV_ZS_23_24/PC/semestralka/FAV_PC_SP_23_24_BinaryDataInImg"/>
				<Option type="4"/>
				<MakeCommands>
					<Build command="/usr/bin/gmake -f &quot;/mnt/g/Můj\ disk/0_MAIN/škola/FAV/3.rocnik_23_24/_FAV_ZS_23_24/PC/semestralka/FAV_PC_SP_23_24_BinaryDataInImg/Makefile&quot;  VERBOSE=1 rebuild_cache"/>
					<CompileFile command="/usr/bin/gmake -f &quot;/mnt/g/Můj\ disk/0_MAIN/škola/FAV/3.rocnik_23_24/_FAV_ZS_23_24/PC/semestralka/FAV_PC_SP_23_24_BinaryDataInImg/Makefile&quot;  VERBOSE=1 &quot;$file&quot;"/>
					<Clean command="/usr/bin/gmake -f &quot;/mnt/g/Můj\ disk/0_MAIN/škola/FAV/3.rocnik_23_24/_FAV_ZS_23_24/PC/semestralka/FAV_PC_SP_23_24_BinaryDataInImg/Makefile&quot;  VERBOSE=1 clean"/>
					<DistClean command="/usr/bin/gmake -f &quot;/mnt/g/Můj\ disk/0_MAIN/škola/FAV/3.rocnik_23_24/_FAV_ZS_23_24/PC/semestralka/FAV_PC_SP_23_24_BinaryDataInImg/Makefile&quot;  VERBOSE=1 clean"/>
				</MakeCommands>
			</Target>
		</Build>
		<Unit filename="/mnt/g/Můj disk/0_MAIN/škola/FAV/3.rocnik_23_24/_FAV_ZS_23_24/PC/semestralka/FAV_PC_SP_23_24_BinaryDataInImg/src/compression.c">
			<Option target="FAV_PC_SP_23_24_BinaryDataInImg"/>
		</Unit>
		<Unit filename="/mnt/g/Můj disk/0_MAIN/škola/FAV/3.rocnik_23_24/_FAV_ZS_23_24/PC/semestralka/FAV_PC_SP_23_24_BinaryDataInImg/src/compression.h">
			<Option target="FAV_PC_SP_23_24_BinaryDataInImg"/>
		</Unit>
		<Unit filename="/mnt/g/Můj disk/0_MAIN/škola/FAV/3.rocnik_23_24/_FAV_ZS_23_24/PC/semestralka/FAV_PC_SP_23_24_BinaryDataInImg/src/image.c">
			<Option target="FAV_PC_SP_23_24_BinaryDataInImg"/>
		</Unit>
		<Unit filename="/mnt/g/Můj disk/0_MAIN/škola/FAV/3.rocnik_23_24/_FAV_ZS_23_24/PC/semestralka/FAV_PC_SP_23_24_BinaryDataInImg/src/image.h">
			<Option target="FAV_PC_SP_23_24_BinaryDataInImg"/>
		</Unit>
		<Unit filename="/mnt/g/Můj disk/0_MAIN/škola/FAV/3.rocnik_23_24/_FAV_ZS_23_24/PC/semestralka/FAV_PC_SP_23_24_BinaryDataInImg/src/main.c">
			<Option target="FAV_PC_SP_23_24_BinaryDataInImg"/>
		</Unit>
		<Unit filename="/mnt/g/Můj disk/0_MAIN/škola/FAV/3.rocnik_23_24/_FAV_ZS_23_24/PC/semestralka/FAV_PC_SP_23_24_BinaryDataInImg/src/payload.c">
			<Option target="FAV_PC_SP_23_24_BinaryDataInImg"/>
		</Unit>
		<Unit filename="/mnt/g/Můj disk/0_MAIN/škola/FAV/3.rocnik_23_24/_FAV_ZS_23_24/PC/semestralka/FAV_PC_SP_23_24_BinaryDataInImg/src/payload.h">
			<Option target="FAV_PC_SP_23_24_BinaryDataInImg"/>
		</Unit>
		<Unit filename="/mnt/g/Můj disk/0_MAIN/škola/FAV/3.rocnik_23_24/_FAV_ZS_23_24/PC/semestralka/FAV_PC_SP_23_24_BinaryDataInImg/src/utils/binary_data.c">
			<Option target="FAV_PC_SP_23_24_BinaryDataInImg"/>
		</Unit>
		<Unit filename="/mnt/g/Můj disk/0_MAIN/škola/FAV/3.rocnik_23_24/_FAV_ZS_23_24/PC/semestralka/FAV_PC_SP_23_24_BinaryDataInImg/src/utils/binary_data.h">
			<Option target="FAV_PC_SP_23_24_BinaryDataInImg"/>
		</Unit>
		<Unit filename="/mnt/g/Můj disk/0_MAIN/škola/FAV/3.rocnik_23_24/_FAV_ZS_23_24/PC/semestralka/FAV_PC_SP_23_24_BinaryDataInImg/src/utils/dictionary.c">
			<Option target="FAV_PC_SP_23_24_BinaryDataInImg"/>
		</Unit>
		<Unit filename="/mnt/g/Můj disk/0_MAIN/škola/FAV/3.rocnik_23_24/_FAV_ZS_23_24/PC/semestralka/FAV_PC_SP_23_24_BinaryDataInImg/src/utils/dictionary.h">
			<Option target="FAV_PC_SP_23_24_BinaryDataInImg"/>
		</Unit>
		<Unit filename="/mnt/g/Můj disk/0_MAIN/škola/FAV/3.rocnik_23_24/_FAV_ZS_23_24/PC/semestralka/FAV_PC_SP_23_24_BinaryDataInImg/src/utils/logger.c">
			<Option target="FAV_PC_SP_23_24_BinaryDataInImg"/>
		</Unit>
		<Unit filename="/mnt/g/Můj disk/0_MAIN/škola/FAV/3.rocnik_23_24/_FAV_ZS_23_24/PC/semestralka/FAV_PC_SP_23_24_BinaryDataInImg/src/utils/logger.h">
			<Option target="FAV_PC_SP_23_24_BinaryDataInImg"/>
		</Unit>
		<Unit filename="/mnt/g/Můj disk/0_MAIN/škola/FAV/3.rocnik_23_24/_FAV_ZS_23_24/PC/semestralka/FAV_PC_SP_23_24_BinaryDataInImg/src/utils/memory_management.c">
			<Option target="FAV_PC_SP_23_24_BinaryDataInImg"/>
		</Unit>
		<Unit filename="/mnt/g/Můj disk/0_MAIN/škola/FAV/3.rocnik_23_24/_FAV_ZS_23_24/PC/semestralka/FAV_PC_SP_23_24_BinaryDataInImg/src/utils/memory_management.h">
			<Option target="FAV_PC_SP_23_24_BinaryDataInImg"/>
		</Unit>
		<Unit filename="/mnt/g/Můj disk/0_MAIN/škola/FAV/3.rocnik_23_24/_FAV_ZS_23_24/PC/semestralka/FAV_PC_SP_23_24_BinaryDataInImg/src/utils/trie.c">
			<Option target="FAV_PC_SP_23_24_BinaryDataInImg"/>
		</Unit>
		<Unit filename="/mnt/g/Můj disk/0_MAIN/škola/FAV/3.rocnik_23_24/_FAV_ZS_23_24/PC/semestralka/FAV_PC_SP_23_24_BinaryDataInImg/src/utils/trie.h">
			<Option target="FAV_PC_SP_23_24_BinaryDataInImg"/>
		</Unit>
		<Unit filename="/mnt/g/Můj disk/0_MAIN/škola/FAV/3.rocnik_23_24/_FAV_ZS_23_24/PC/semestralka/FAV_PC_SP_23_24_BinaryDataInImg/src/utils/utils.c">
			<Option target="FAV_PC_SP_23_24_BinaryDataInImg"/>
		</Unit>
		<Unit filename="/mnt/g/Můj disk/0_MAIN/škola/FAV/3.rocnik_23_24/_FAV_ZS_23_24/PC/semestralka/FAV_PC_SP_23_24_BinaryDataInImg/src/utils/utils.h">
			<Option target="FAV_PC_SP_23_24_BinaryDataInImg"/>
		</Unit>
		<Unit filename="/mnt/g/Můj disk/0_MAIN/škola/FAV/3.rocnik_23_24/_FAV_ZS_23_24/PC/semestralka/FAV_PC_SP_23_24_BinaryDataInImg/CMakeLists.txt">
			<Option virtualFolder="CMake Files\"/>
		</Unit>
	</Project>
</CodeBlocks_project_file>
